
Microsoft Visual Studio Solution File, Format Version 12.00
# Visual Studio Version 17
VisualStudioVersion = 17.2.32616.157
MinimumVisualStudioVersion = 10.0.40219.1
Project("{FAE04EC0-301F-11D3-BF4B-00C04F79EFBC}") = "LoggingDemo", "LoggingDemo\LoggingDemo.csproj", "{38CF8B17-75C9-4096-877A-B3BC31969064}"
EndProject
Global
	GlobalSection(SolutionConfigurationPlatforms) = preSolution
		Debug|Any CPU = Debug|Any CPU
		Release|Any CPU = Release|Any CPU
	EndGlobalSection
	GlobalSection(ProjectConfigurationPlatforms) = postSolution
		{38CF8B17-75C9-4096-877A-B3BC31969064}.Debug|Any CPU.ActiveCfg = Debug|Any CPU
		{38CF8B17-75C9-4096-877A-B3BC31969064}.Debug|Any CPU.Build.0 = Debug|Any CPU
		{38CF8B17-75C9-4096-877A-B3BC31969064}.Release|Any CPU.ActiveCfg = Release|Any CPU
		{38CF8B17-75C9-4096-877A-B3BC31969064}.Release|Any CPU.Build.0 = Release|Any CPU
	EndGlobalSection
	GlobalSection(SolutionProperties) = preSolution
		HideSolutionNode = FALSE
	EndGlobalSection
	GlobalSection(ExtensibilityGlobals) = postSolution
		SolutionGuid = {BE0E7A68-485E-4F95-A203-5105C0A83F33}
	EndGlobalSection
EndGlobal
